
Microsoft Visual Studio Solution File, Format Version 12.00
# Visual Studio Version 17
VisualStudioVersion = 17.8.34330.188
MinimumVisualStudioVersion = 10.0.40219.1
Project("{FAE04EC0-301F-11D3-BF4B-00C04F79EFBC}") = "Examen", "Examen\Examen.csproj", "{9067C70B-6287-40C3-9909-F587366C0147}"
EndProject
Global
	GlobalSection(SolutionConfigurationPlatforms) = preSolution
		Debug|Any CPU = Debug|Any CPU
		Release|Any CPU = Release|Any CPU
	EndGlobalSection
	GlobalSection(ProjectConfigurationPlatforms) = postSolution
		{9067C70B-6287-40C3-9909-F587366C0147}.Debug|Any CPU.ActiveCfg = Debug|Any CPU
		{9067C70B-6287-40C3-9909-F587366C0147}.Debug|Any CPU.Build.0 = Debug|Any CPU
		{9067C70B-6287-40C3-9909-F587366C0147}.Release|Any CPU.ActiveCfg = Release|Any CPU
		{9067C70B-6287-40C3-9909-F587366C0147}.Release|Any CPU.Build.0 = Release|Any CPU
	EndGlobalSection
	GlobalSection(SolutionProperties) = preSolution
		HideSolutionNode = FALSE
	EndGlobalSection
	GlobalSection(ExtensibilityGlobals) = postSolution
		SolutionGuid = {00C2AB46-1566-484E-8860-3F8EFA70917A}
	EndGlobalSection
EndGlobal
